
Microsoft Visual Studio Solution File, Format Version 12.00
# Visual Studio 15
Project("{FAE04EC0-301F-11D3-BF4B-00C04F79EFBC}") = "JBooth.MicroSplat.Core.Editor", "JBooth.MicroSplat.Core.Editor.csproj", "{93E4AD17-8A39-8EB8-A0D5-78CCFD97B50C}"
EndProject
Project("{FAE04EC0-301F-11D3-BF4B-00C04F79EFBC}") = "Assembly-CSharp", "Assembly-CSharp.csproj", "{ADE1D97C-F0A4-F623-6645-8920CDE18604}"
EndProject
Project("{FAE04EC0-301F-11D3-BF4B-00C04F79EFBC}") = "Assembly-CSharp-Editor", "Assembly-CSharp-Editor.csproj", "{0E012D70-D98B-119F-AB4B-7207972FBE18}"
EndProject
Project("{FAE04EC0-301F-11D3-BF4B-00C04F79EFBC}") = "JBooth.MicroSplat.Core", "JBooth.MicroSplat.Core.csproj", "{C109E55C-CE8B-16B0-D4B5-3A2BA8BD041E}"
EndProject
Global
	GlobalSection(SolutionConfigurationPlatforms) = preSolution
		Debug|Any CPU = Debug|Any CPU
		Release|Any CPU = Release|Any CPU
	EndGlobalSection
	GlobalSection(ProjectConfigurationPlatforms) = postSolution
		{93E4AD17-8A39-8EB8-A0D5-78CCFD97B50C}.Debug|Any CPU.ActiveCfg = Debug|Any CPU
		{93E4AD17-8A39-8EB8-A0D5-78CCFD97B50C}.Debug|Any CPU.Build.0 = Debug|Any CPU
		{93E4AD17-8A39-8EB8-A0D5-78CCFD97B50C}.Release|Any CPU.ActiveCfg = Release|Any CPU
		{93E4AD17-8A39-8EB8-A0D5-78CCFD97B50C}.Release|Any CPU.Build.0 = Release|Any CPU
		{ADE1D97C-F0A4-F623-6645-8920CDE18604}.Debug|Any CPU.ActiveCfg = Debug|Any CPU
		{ADE1D97C-F0A4-F623-6645-8920CDE18604}.Debug|Any CPU.Build.0 = Debug|Any CPU
		{ADE1D97C-F0A4-F623-6645-8920CDE18604}.Release|Any CPU.ActiveCfg = Release|Any CPU
		{ADE1D97C-F0A4-F623-6645-8920CDE18604}.Release|Any CPU.Build.0 = Release|Any CPU
		{0E012D70-D98B-119F-AB4B-7207972FBE18}.Debug|Any CPU.ActiveCfg = Debug|Any CPU
		{0E012D70-D98B-119F-AB4B-7207972FBE18}.Debug|Any CPU.Build.0 = Debug|Any CPU
		{0E012D70-D98B-119F-AB4B-7207972FBE18}.Release|Any CPU.ActiveCfg = Release|Any CPU
		{0E012D70-D98B-119F-AB4B-7207972FBE18}.Release|Any CPU.Build.0 = Release|Any CPU
		{C109E55C-CE8B-16B0-D4B5-3A2BA8BD041E}.Debug|Any CPU.ActiveCfg = Debug|Any CPU
		{C109E55C-CE8B-16B0-D4B5-3A2BA8BD041E}.Debug|Any CPU.Build.0 = Debug|Any CPU
		{C109E55C-CE8B-16B0-D4B5-3A2BA8BD041E}.Release|Any CPU.ActiveCfg = Release|Any CPU
		{C109E55C-CE8B-16B0-D4B5-3A2BA8BD041E}.Release|Any CPU.Build.0 = Release|Any CPU
	EndGlobalSection
	GlobalSection(SolutionProperties) = preSolution
		HideSolutionNode = FALSE
	EndGlobalSection
EndGlobal
